// !$*UTF8*$!
{
	archiveVersion = 1;
	classes = {
	};
	objectVersion = 46;
	objects = {

/* Begin PBXBuildFile section */
		2E37DE5E1C62A3D500E841D3 /* PhotoDetailsViewController.swift in Sources */ = {isa = PBXBuildFile; fileRef = 2E37DE5D1C62A3D500E841D3 /* PhotoDetailsViewController.swift */; };
		2E925A801C3ECBA30000F9E6 /* AppDelegate.swift in Sources */ = {isa = PBXBuildFile; fileRef = 2E925A7F1C3ECBA30000F9E6 /* AppDelegate.swift */; };
		2E925A851C3ECBA30000F9E6 /* Main.storyboard in Resources */ = {isa = PBXBuildFile; fileRef = 2E925A831C3ECBA30000F9E6 /* Main.storyboard */; };
		2E925A871C3ECBA30000F9E6 /* Assets.xcassets in Resources */ = {isa = PBXBuildFile; fileRef = 2E925A861C3ECBA30000F9E6 /* Assets.xcassets */; };
		2E925A8A1C3ECBA30000F9E6 /* LaunchScreen.storyboard in Resources */ = {isa = PBXBuildFile; fileRef = 2E925A881C3ECBA30000F9E6 /* LaunchScreen.storyboard */; };
		2E925A921C3ED5BE0000F9E6 /* PhotosViewController.swift in Sources */ = {isa = PBXBuildFile; fileRef = 2E925A911C3ED5BE0000F9E6 /* PhotosViewController.swift */; };
		2E925A941C3ED7170000F9E6 /* PhotoCell.swift in Sources */ = {isa = PBXBuildFile; fileRef = 2E925A931C3ED7170000F9E6 /* PhotoCell.swift */; };
		A377746FAE06345A1C690B25 /* Pods_Instagram.framework in Frameworks */ = {isa = PBXBuildFile; fileRef = 78E39927D20EF0C9A59E3978 /* Pods_Instagram.framework */; };
/* End PBXBuildFile section */

/* Begin PBXFileReference section */
		2E37DE5D1C62A3D500E841D3 /* PhotoDetailsViewController.swift */ = {isa = PBXFileReference; fileEncoding = 4; lastKnownFileType = sourcecode.swift; path = PhotoDetailsViewController.swift; sourceTree = "<group>"; };
		2E925A7C1C3ECBA30000F9E6 /* Instagram.app */ = {isa = PBXFileReference; explicitFileType = wrapper.application; includeInIndex = 0; path = Instagram.app; sourceTree = BUILT_PRODUCTS_DIR; };
		2E925A7F1C3ECBA30000F9E6 /* AppDelegate.swift */ = {isa = PBXFileReference; lastKnownFileType = sourcecode.swift; path = AppDelegate.swift; sourceTree = "<group>"; };
		2E925A841C3ECBA30000F9E6 /* Base */ = {isa = PBXFileReference; lastKnownFileType = file.storyboard; name = Base; path = Base.lproj/Main.storyboard; sourceTree = "<group>"; };
		2E925A861C3ECBA30000F9E6 /* Assets.xcassets */ = {isa = PBXFileReference; lastKnownFileType = folder.assetcatalog; path = Assets.xcassets; sourceTree = "<group>"; };
		2E925A891C3ECBA30000F9E6 /* Base */ = {isa = PBXFileReference; lastKnownFileType = file.storyboard; name = Base; path = Base.lproj/LaunchScreen.storyboard; sourceTree = "<group>"; };
		2E925A8B1C3ECBA30000F9E6 /* Info.plist */ = {isa = PBXFileReference; lastKnownFileType = text.plist.xml; path = Info.plist; sourceTree = "<group>"; };
		2E925A911C3ED5BE0000F9E6 /* PhotosViewController.swift */ = {isa = PBXFileReference; fileEncoding = 4; lastKnownFileType = sourcecode.swift; path = PhotosViewController.swift; sourceTree = "<group>"; };
		2E925A931C3ED7170000F9E6 /* PhotoCell.swift */ = {isa = PBXFileReference; fileEncoding = 4; lastKnownFileType = sourcecode.swift; path = PhotoCell.swift; sourceTree = "<group>"; };
		3B7B893A624C5757AFE34529 /* Pods-Instagram.release.xcconfig */ = {isa = PBXFileReference; includeInIndex = 1; lastKnownFileType = text.xcconfig; name = "Pods-Instagram.release.xcconfig"; path = "Pods/Target Support Files/Pods-Instagram/Pods-Instagram.release.xcconfig"; sourceTree = "<group>"; };
		78E39927D20EF0C9A59E3978 /* Pods_Instagram.framework */ = {isa = PBXFileReference; explicitFileType = wrapper.framework; includeInIndex = 0; path = Pods_Instagram.framework; sourceTree = BUILT_PRODUCTS_DIR; };
		9BB900C45517033672243273 /* Pods-Instagram.debug.xcconfig */ = {isa = PBXFileReference; includeInIndex = 1; lastKnownFileType = text.xcconfig; name = "Pods-Instagram.debug.xcconfig"; path = "Pods/Target Support Files/Pods-Instagram/Pods-Instagram.debug.xcconfig"; sourceTree = "<group>"; };
/* End PBXFileReference section */

/* Begin PBXFrameworksBuildPhase section */
		2E925A791C3ECBA30000F9E6 /* Frameworks */ = {
			isa = PBXFrameworksBuildPhase;
			buildActionMask = 2147483647;
			files = (
				A377746FAE06345A1C690B25 /* Pods_Instagram.framework in Frameworks */,
			);
			runOnlyForDeploymentPostprocessing = 0;
		};
/* End PBXFrameworksBuildPhase section */

/* Begin PBXGroup section */
		2E925A731C3ECBA30000F9E6 = {
			isa = PBXGroup;
			children = (
				2E925A7E1C3ECBA30000F9E6 /* Instagram */,
				2E925A7D1C3ECBA30000F9E6 /* Products */,
				4A03087725AE66A189A085A9 /* Pods */,
				411575531CED8E11C8AF2C54 /* Frameworks */,
			);
			sourceTree = "<group>";
		};
		2E925A7D1C3ECBA30000F9E6 /* Products */ = {
			isa = PBXGroup;
			children = (
				2E925A7C1C3ECBA30000F9E6 /* Instagram.app */,
			);
			name = Products;
			sourceTree = "<group>";
		};
		2E925A7E1C3ECBA30000F9E6 /* Instagram */ = {
			isa = PBXGroup;
			children = (
				2E925A7F1C3ECBA30000F9E6 /* AppDelegate.swift */,
				2E925A911C3ED5BE0000F9E6 /* PhotosViewController.swift */,
				2E925A931C3ED7170000F9E6 /* PhotoCell.swift */,
				2E37DE5D1C62A3D500E841D3 /* PhotoDetailsViewController.swift */,
				2E925A831C3ECBA30000F9E6 /* Main.storyboard */,
				2E925A861C3ECBA30000F9E6 /* Assets.xcassets */,
				2E925A881C3ECBA30000F9E6 /* LaunchScreen.storyboard */,
				2E925A8B1C3ECBA30000F9E6 /* Info.plist */,
			);
			path = Instagram;
			sourceTree = "<group>";
		};
		411575531CED8E11C8AF2C54 /* Frameworks */ = {
			isa = PBXGroup;
			children = (
				78E39927D20EF0C9A59E3978 /* Pods_Instagram.framework */,
			);
			name = Frameworks;
			sourceTree = "<group>";
		};
		4A03087725AE66A189A085A9 /* Pods */ = {
			isa = PBXGroup;
			children = (
				9BB900C45517033672243273 /* Pods-Instagram.debug.xcconfig */,
				3B7B893A624C5757AFE34529 /* Pods-Instagram.release.xcconfig */,
			);
			name = Pods;
			sourceTree = "<group>";
		};
/* End PBXGroup section */

/* Begin PBXNativeTarget section */
		2E925A7B1C3ECBA30000F9E6 /* Instagram */ = {
			isa = PBXNativeTarget;
			buildConfigurationList = 2E925A8E1C3ECBA30000F9E6 /* Build configuration list for PBXNativeTarget "Instagram" */;
			buildPhases = (
				1513D1A6408DFBBFC1DF0427 /* Check Pods Manifest.lock */,
				2E925A781C3ECBA30000F9E6 /* Sources */,
				2E925A791C3ECBA30000F9E6 /* Frameworks */,
				2E925A7A1C3ECBA30000F9E6 /* Resources */,
				C518E6C5B4F2AF6E89A44E83 /* Embed Pods Frameworks */,
				9FC4B45991219A921715895B /* Copy Pods Resources */,
			);
			buildRules = (
			);
			dependencies = (
			);
			name = Instagram;
			productName = Instagram;
			productReference = 2E925A7C1C3ECBA30000F9E6 /* Instagram.app */;
			productType = "com.apple.product-type.application";
		};
/* End PBXNativeTarget section */

/* Begin PBXProject section */
		2E925A741C3ECBA30000F9E6 /* Project object */ = {
			isa = PBXProject;
			attributes = {
				LastSwiftUpdateCheck = 0720;
				LastUpgradeCheck = 0720;
				ORGANIZATIONNAME = "Chase McCoy";
				TargetAttributes = {
					2E925A7B1C3ECBA30000F9E6 = {
						CreatedOnToolsVersion = 7.2;
					};
				};
			};
			buildConfigurationList = 2E925A771C3ECBA30000F9E6 /* Build configuration list for PBXProject "Instagram" */;
			compatibilityVersion = "Xcode 3.2";
			developmentRegion = English;
			hasScannedForEncodings = 0;
			knownRegions = (
				en,
				Base,
			);
			mainGroup = 2E925A731C3ECBA30000F9E6;
			productRefGroup = 2E925A7D1C3ECBA30000F9E6 /* Products */;
			projectDirPath = "";
			projectRoot = "";
			targets = (
				2E925A7B1C3ECBA30000F9E6 /* Instagram */,
			);
		};
/* End PBXProject section */

/* Begin PBXResourcesBuildPhase section */
		2E925A7A1C3ECBA30000F9E6 /* Resources */ = {
			isa = PBXResourcesBuildPhase;
			buildActionMask = 2147483647;
			files = (
				2E925A8A1C3ECBA30000F9E6 /* LaunchScreen.storyboard in Resources */,
				2E925A871C3ECBA30000F9E6 /* Assets.xcassets in Resources */,
				2E925A851C3ECBA30000F9E6 /* Main.storyboard in Resources */,
			);
			runOnlyForDeploymentPostprocessing = 0;
		};
/* End PBXResourcesBuildPhase section */

/* Begin PBXShellScriptBuildPhase section */
		1513D1A6408DFBBFC1DF0427 /* Check Pods Manifest.lock */ = {
			isa = PBXShellScriptBuildPhase;
			buildActionMask = 2147483647;
			files = (
			);
			inputPaths = (
			);
			name = "Check Pods Manifest.lock";
			outputPaths = (
			);
			runOnlyForDeploymentPostprocessing = 0;
			shellPath = /bin/sh;
			shellScript = "diff \"${PODS_ROOT}/../Podfile.lock\" \"${PODS_ROOT}/Manifest.lock\" > /dev/null\nif [[ $? != 0 ]] ; then\n    cat << EOM\nerror: The sandbox is not in sync with the Podfile.lock. Run 'pod install' or update your CocoaPods installation.\nEOM\n    exit 1\nfi\n";
			showEnvVarsInLog = 0;
		};
		9FC4B45991219A921715895B /* Copy Pods Resources */ = {
			isa = PBXShellScriptBuildPhase;
			buildActionMask = 2147483647;
			files = (
			);
			inputPaths = (
			);
			name = "Copy Pods Resources";
			outputPaths = (
			);
			runOnlyForDeploymentPostprocessing = 0;
			shellPath = /bin/sh;
			shellScript = "\"${SRCROOT}/Pods/Target Support Files/Pods-Instagram/Pods-Instagram-resources.sh\"\n";
			showEnvVarsInLog = 0;
		};
		C518E6C5B4F2AF6E89A44E83 /* Embed Pods Frameworks */ = {
			isa = PBXShellScriptBuildPhase;
			buildActionMask = 2147483647;
			files = (
			);
			inputPaths = (
			);
			name = "Embed Pods Frameworks";
			outputPaths = (
			);
			runOnlyForDeploymentPostprocessing = 0;
			shellPath = /bin/sh;
			shellScript = "\"${SRCROOT}/Pods/Target Support Files/Pods-Instagram/Pods-Instagram-frameworks.sh\"\n";
			showEnvVarsInLog = 0;
		};
/* End PBXShellScriptBuildPhase section */

/* Begin PBXSourcesBuildPhase section */
		2E925A781C3ECBA30000F9E6 /* Sources */ = {
			isa = PBXSourcesBuildPhase;
			buildActionMask = 2147483647;
			files = (
				2E37DE5E1C62A3D500E841D3 /* PhotoDetailsViewController.swift in Sources */,
				2E925A801C3ECBA30000F9E6 /* AppDelegate.swift in Sources */,
				2E925A941C3ED7170000F9E6 /* PhotoCell.swift in Sources */,
				2E925A921C3ED5BE0000F9E6 /* PhotosViewController.swift in Sources */,
			);
			runOnlyForDeploymentPostprocessing = 0;
		};
/* End PBXSourcesBuildPhase section */

/* Begin PBXVariantGroup section */
		2E925A831C3ECBA30000F9E6 /* Main.storyboard */ = {
			isa = PBXVariantGroup;
			children = (
				2E925A841C3ECBA30000F9E6 /* Base */,
			);
			name = Main.storyboard;
			sourceTree = "<group>";
		};
		2E925A881C3ECBA30000F9E6 /* LaunchScreen.storyboard */ = {
			isa = PBXVariantGroup;
			children = (
				2E925A891C3ECBA30000F9E6 /* Base */,
			);
			name = LaunchScreen.storyboard;
			sourceTree = "<group>";
		};
/* End PBXVariantGroup section */

/* Begin XCBuildConfiguration section */
		2E925A8C1C3ECBA30000F9E6 /* Debug */ = {
			isa = XCBuildConfiguration;
			buildSettings = {
				ALWAYS_SEARCH_USER_PATHS = NO;
				CLANG_CXX_LANGUAGE_STANDARD = "gnu++0x";
				CLANG_CXX_LIBRARY = "libc++";
				CLANG_ENABLE_MODULES = YES;
				CLANG_ENABLE_OBJC_ARC = YES;
				CLANG_WARN_BOOL_CONVERSION = YES;
				CLANG_WARN_CONSTANT_CONVERSION = YES;
				CLANG_WARN_DIRECT_OBJC_ISA_USAGE = YES_ERROR;
				CLANG_WARN_EMPTY_BODY = YES;
				CLANG_WARN_ENUM_CONVERSION = YES;
				CLANG_WARN_INT_CONVERSION = YES;
				CLANG_WARN_OBJC_ROOT_CLASS = YES_ERROR;
				CLANG_WARN_UNREACHABLE_CODE = YES;
				CLANG_WARN__DUPLICATE_METHOD_MATCH = YES;
				"CODE_SIGN_IDENTITY[sdk=iphoneos*]" = "iPhone Developer";
				COPY_PHASE_STRIP = NO;
				DEBUG_INFORMATION_FORMAT = dwarf;
				ENABLE_STRICT_OBJC_MSGSEND = YES;
				ENABLE_TESTABILITY = YES;
				GCC_C_LANGUAGE_STANDARD = gnu99;
				GCC_DYNAMIC_NO_PIC = NO;
				GCC_NO_COMMON_BLOCKS = YES;
				GCC_OPTIMIZATION_LEVEL = 0;
				GCC_PREPROCESSOR_DEFINITIONS = (
					"DEBUG=1",
					"$(inherited)",
				);
				GCC_WARN_64_TO_32_BIT_CONVERSION = YES;
				GCC_WARN_ABOUT_RETURN_TYPE = YES_ERROR;
				GCC_WARN_UNDECLARED_SELECTOR = YES;
				GCC_WARN_UNINITIALIZED_AUTOS = YES_AGGRESSIVE;
				GCC_WARN_UNUSED_FUNCTION = YES;
				GCC_WARN_UNUSED_VARIABLE = YES;
				IPHONEOS_DEPLOYMENT_TARGET = 9.2;
				MTL_ENABLE_DEBUG_INFO = YES;
				ONLY_ACTIVE_ARCH = YES;
				SDKROOT = iphoneos;
				SWIFT_OPTIMIZATION_LEVEL = "-Onone";
			};
			name = Debug;
		};
		2E925A8D1C3ECBA30000F9E6 /* Release */ = {
			isa = XCBuildConfiguration;
			buildSettings = {
				ALWAYS_SEARCH_USER_PATHS = NO;
				CLANG_CXX_LANGUAGE_STANDARD = "gnu++0x";
				CLANG_CXX_LIBRARY = "libc++";
				CLANG_ENABLE_MODULES = YES;
				CLANG_ENABLE_OBJC_ARC = YES;
				CLANG_WARN_BOOL_CONVERSION = YES;
				CLANG_WARN_CONSTANT_CONVERSION = YES;
				CLANG_WARN_DIRECT_OBJC_ISA_USAGE = YES_ERROR;
				CLANG_WARN_EMPTY_BODY = YES;
				CLANG_WARN_ENUM_CONVERSION = YES;
				CLANG_WARN_INT_CONVERSION = YES;
				CLANG_WARN_OBJC_ROOT_CLASS = YES_ERROR;
				CLANG_WARN_UNREACHABLE_CODE = YES;
				CLANG_WARN__DUPLICATE_METHOD_MATCH = YES;
				"CODE_SIGN_IDENTITY[sdk=iphoneos*]" = "iPhone Developer";
				COPY_PHASE_STRIP = NO;
				DEBUG_INFORMATION_FORMAT = "dwarf-with-dsym";
				ENABLE_NS_ASSERTIONS = NO;
				ENABLE_STRICT_OBJC_MSGSEND = YES;
				GCC_C_LANGUAGE_STANDARD = gnu99;
				GCC_NO_COMMON_BLOCKS = YES;
				GCC_WARN_64_TO_32_BIT_CONVERSION = YES;
				GCC_WARN_ABOUT_RETURN_TYPE = YES_ERROR;
				GCC_WARN_UNDECLARED_SELECTOR = YES;
				GCC_WARN_UNINITIALIZED_AUTOS = YES_AGGRESSIVE;
				GCC_WARN_UNUSED_FUNCTION = YES;
				GCC_WARN_UNUSED_VARIABLE = YES;
				IPHONEOS_DEPLOYMENT_TARGET = 9.2;
				MTL_ENABLE_DEBUG_INFO = NO;
				SDKROOT = iphoneos;
				VALIDATE_PRODUCT = YES;
			};
			name = Release;
		};
		2E925A8F1C3ECBA30000F9E6 /* Debug */ = {
			isa = XCBuildConfiguration;
			baseConfigurationReference = 9BB900C45517033672243273 /* Pods-Instagram.debug.xcconfig */;
			buildSettings = {
				ASSETCATALOG_COMPILER_APPICON_NAME = AppIcon;
				INFOPLIST_FILE = Instagram/Info.plist;
				LD_RUNPATH_SEARCH_PATHS = "$(inherited) @executable_path/Frameworks";
				PRODUCT_BUNDLE_IDENTIFIER = chasemccoy.Instagram;
				PRODUCT_NAME = "$(TARGET_NAME)";
			};
			name = Debug;
		};
		2E925A901C3ECBA30000F9E6 /* Release */ = {
			isa = XCBuildConfiguration;
			baseConfigurationReference = 3B7B893A624C5757AFE34529 /* Pods-Instagram.release.xcconfig */;
			buildSettings = {
				ASSETCATALOG_COMPILER_APPICON_NAME = AppIcon;
				INFOPLIST_FILE = Instagram/Info.plist;
				LD_RUNPATH_SEARCH_PATHS = "$(inherited) @executable_path/Frameworks";
				PRODUCT_BUNDLE_IDENTIFIER = chasemccoy.Instagram;
				PRODUCT_NAME = "$(TARGET_NAME)";
			};
			name = Release;
		};
/* End XCBuildConfiguration section */

/* Begin XCConfigurationList section */
		2E925A771C3ECBA30000F9E6 /* Build configuration list for PBXProject "Instagram" */ = {
			isa = XCConfigurationList;
			buildConfigurations = (
				2E925A8C1C3ECBA30000F9E6 /* Debug */,
				2E925A8D1C3ECBA30000F9E6 /* Release */,
			);
			defaultConfigurationIsVisible = 0;
			defaultConfigurationName = Release;
		};
		2E925A8E1C3ECBA30000F9E6 /* Build configuration list for PBXNativeTarget "Instagram" */ = {
			isa = XCConfigurationList;
			buildConfigurations = (
				2E925A8F1C3ECBA30000F9E6 /* Debug */,
				2E925A901C3ECBA30000F9E6 /* Release */,
			);
			defaultConfigurationIsVisible = 0;
			defaultConfigurationName = Release;
		};
/* End XCConfigurationList section */
	};
	rootObject = 2E925A741C3ECBA30000F9E6 /* Project object */;
}
